// !$*UTF8*$!
{
	archiveVersion = 1;
	classes = {
	};
	objectVersion = 56;
	objects = {

/* Begin PBXBuildFile section */
		FA3E718B2ADF1D0F00BA37C7 /* CreateTaskApp.swift in Sources */ = {isa = PBXBuildFile; fileRef = FA3E718A2ADF1D0F00BA37C7 /* CreateTaskApp.swift */; };
		FA3E718D2ADF1D0F00BA37C7 /* TaskView.swift in Sources */ = {isa = PBXBuildFile; fileRef = FA3E718C2ADF1D0F00BA37C7 /* TaskView.swift */; };
		FA3E718F2ADF1D1100BA37C7 /* Assets.xcassets in Resources */ = {isa = PBXBuildFile; fileRef = FA3E718E2ADF1D1100BA37C7 /* Assets.xcassets */; };
		FA3E71922ADF1D1100BA37C7 /* Preview Assets.xcassets in Resources */ = {isa = PBXBuildFile; fileRef = FA3E71912ADF1D1100BA37C7 /* Preview Assets.xcassets */; };
		FA3E719C2ADF1D1100BA37C7 /* createTaskTests.swift in Sources */ = {isa = PBXBuildFile; fileRef = FA3E719B2ADF1D1100BA37C7 /* createTaskTests.swift */; };
		FA3E71A62ADF1D1100BA37C7 /* createTaskUITests.swift in Sources */ = {isa = PBXBuildFile; fileRef = FA3E71A52ADF1D1100BA37C7 /* createTaskUITests.swift */; };
		FA3E71A82ADF1D1100BA37C7 /* createTaskUITestsLaunchTests.swift in Sources */ = {isa = PBXBuildFile; fileRef = FA3E71A72ADF1D1100BA37C7 /* createTaskUITestsLaunchTests.swift */; };
		FA8A69CD2B0BFCE700A4D6A6 /* PlayerData.swift in Sources */ = {isa = PBXBuildFile; fileRef = FA8A69CC2B0BFCE700A4D6A6 /* PlayerData.swift */; };
/* End PBXBuildFile section */

/* Begin PBXContainerItemProxy section */
		FA3E71982ADF1D1100BA37C7 /* PBXContainerItemProxy */ = {
			isa = PBXContainerItemProxy;
			containerPortal = FA3E717F2ADF1D0F00BA37C7 /* Project object */;
			proxyType = 1;
			remoteGlobalIDString = FA3E71862ADF1D0F00BA37C7;
			remoteInfo = createTask;
		};
		FA3E71A22ADF1D1100BA37C7 /* PBXContainerItemProxy */ = {
			isa = PBXContainerItemProxy;
			containerPortal = FA3E717F2ADF1D0F00BA37C7 /* Project object */;
			proxyType = 1;
			remoteGlobalIDString = FA3E71862ADF1D0F00BA37C7;
			remoteInfo = createTask;
		};
/* End PBXContainerItemProxy section */

/* Begin PBXFileReference section */
		FA3E71872ADF1D0F00BA37C7 /* createTask.app */ = {isa = PBXFileReference; explicitFileType = wrapper.application; includeInIndex = 0; path = createTask.app; sourceTree = BUILT_PRODUCTS_DIR; };
		FA3E718A2ADF1D0F00BA37C7 /* CreateTaskApp.swift */ = {isa = PBXFileReference; lastKnownFileType = sourcecode.swift; path = CreateTaskApp.swift; sourceTree = "<group>"; };
		FA3E718C2ADF1D0F00BA37C7 /* TaskView.swift */ = {isa = PBXFileReference; lastKnownFileType = sourcecode.swift; path = TaskView.swift; sourceTree = "<group>"; };
		FA3E718E2ADF1D1100BA37C7 /* Assets.xcassets */ = {isa = PBXFileReference; lastKnownFileType = folder.assetcatalog; path = Assets.xcassets; sourceTree = "<group>"; };
		FA3E71912ADF1D1100BA37C7 /* Preview Assets.xcassets */ = {isa = PBXFileReference; lastKnownFileType = folder.assetcatalog; path = "Preview Assets.xcassets"; sourceTree = "<group>"; };
		FA3E71972ADF1D1100BA37C7 /* createTaskTests.xctest */ = {isa = PBXFileReference; explicitFileType = wrapper.cfbundle; includeInIndex = 0; path = createTaskTests.xctest; sourceTree = BUILT_PRODUCTS_DIR; };
		FA3E719B2ADF1D1100BA37C7 /* createTaskTests.swift */ = {isa = PBXFileReference; lastKnownFileType = sourcecode.swift; path = createTaskTests.swift; sourceTree = "<group>"; };
		FA3E71A12ADF1D1100BA37C7 /* createTaskUITests.xctest */ = {isa = PBXFileReference; explicitFileType = wrapper.cfbundle; includeInIndex = 0; path = createTaskUITests.xctest; sourceTree = BUILT_PRODUCTS_DIR; };
		FA3E71A52ADF1D1100BA37C7 /* createTaskUITests.swift */ = {isa = PBXFileReference; lastKnownFileType = sourcecode.swift; path = createTaskUITests.swift; sourceTree = "<group>"; };
		FA3E71A72ADF1D1100BA37C7 /* createTaskUITestsLaunchTests.swift */ = {isa = PBXFileReference; lastKnownFileType = sourcecode.swift; path = createTaskUITestsLaunchTests.swift; sourceTree = "<group>"; };
		FA8A69CC2B0BFCE700A4D6A6 /* PlayerData.swift */ = {isa = PBXFileReference; lastKnownFileType = sourcecode.swift; path = PlayerData.swift; sourceTree = "<group>"; };
/* End PBXFileReference section */

/* Begin PBXFrameworksBuildPhase section */
		FA3E71842ADF1D0F00BA37C7 /* Frameworks */ = {
			isa = PBXFrameworksBuildPhase;
			buildActionMask = 2147483647;
			files = (
			);
			runOnlyForDeploymentPostprocessing = 0;
		};
		FA3E71942ADF1D1100BA37C7 /* Frameworks */ = {
			isa = PBXFrameworksBuildPhase;
			buildActionMask = 2147483647;
			files = (
			);
			runOnlyForDeploymentPostprocessing = 0;
		};
		FA3E719E2ADF1D1100BA37C7 /* Frameworks */ = {
			isa = PBXFrameworksBuildPhase;
			buildActionMask = 2147483647;
			files = (
			);
			runOnlyForDeploymentPostprocessing = 0;
		};
/* End PBXFrameworksBuildPhase section */

/* Begin PBXGroup section */
		FA3E717E2ADF1D0F00BA37C7 = {
			isa = PBXGroup;
			children = (
				FA3E71892ADF1D0F00BA37C7 /* createTask */,
				FA3E719A2ADF1D1100BA37C7 /* createTaskTests */,
				FA3E71A42ADF1D1100BA37C7 /* createTaskUITests */,
				FA3E71882ADF1D0F00BA37C7 /* Products */,
			);
			sourceTree = "<group>";
		};
		FA3E71882ADF1D0F00BA37C7 /* Products */ = {
			isa = PBXGroup;
			children = (
				FA3E71872ADF1D0F00BA37C7 /* createTask.app */,
				FA3E71972ADF1D1100BA37C7 /* createTaskTests.xctest */,
				FA3E71A12ADF1D1100BA37C7 /* createTaskUITests.xctest */,
			);
			name = Products;
			sourceTree = "<group>";
		};
		FA3E71892ADF1D0F00BA37C7 /* createTask */ = {
			isa = PBXGroup;
			children = (
				FA8A69CB2B0BFC0300A4D6A6 /* Model */,
				FAD409572AEAF3B5006FAF92 /* Resources */,
				FAD409562AEAF39A006FAF92 /* ViewController */,
				FA3E71902ADF1D1100BA37C7 /* Preview Content */,
			);
			path = createTask;
			sourceTree = "<group>";
		};
		FA3E71902ADF1D1100BA37C7 /* Preview Content */ = {
			isa = PBXGroup;
			children = (
				FA3E71912ADF1D1100BA37C7 /* Preview Assets.xcassets */,
			);
			path = "Preview Content";
			sourceTree = "<group>";
		};
		FA3E719A2ADF1D1100BA37C7 /* createTaskTests */ = {
			isa = PBXGroup;
			children = (
				FA3E719B2ADF1D1100BA37C7 /* createTaskTests.swift */,
			);
			path = createTaskTests;
			sourceTree = "<group>";
		};
		FA3E71A42ADF1D1100BA37C7 /* createTaskUITests */ = {
			isa = PBXGroup;
			children = (
				FA3E71A52ADF1D1100BA37C7 /* createTaskUITests.swift */,
				FA3E71A72ADF1D1100BA37C7 /* createTaskUITestsLaunchTests.swift */,
			);
			path = createTaskUITests;
			sourceTree = "<group>";
		};
		FA8A69CB2B0BFC0300A4D6A6 /* Model */ = {
			isa = PBXGroup;
			children = (
				FA8A69CC2B0BFCE700A4D6A6 /* PlayerData.swift */,
			);
			path = Model;
			sourceTree = "<group>";
		};
		FAD409562AEAF39A006FAF92 /* ViewController */ = {
			isa = PBXGroup;
			children = (
				FA3E718C2ADF1D0F00BA37C7 /* TaskView.swift */,
			);
			path = ViewController;
			sourceTree = "<group>";
		};
		FAD409572AEAF3B5006FAF92 /* Resources */ = {
			isa = PBXGroup;
			children = (
				FA3E718A2ADF1D0F00BA37C7 /* CreateTaskApp.swift */,
				FA3E718E2ADF1D1100BA37C7 /* Assets.xcassets */,
			);
			path = Resources;
			sourceTree = "<group>";
		};
/* End PBXGroup section */

/* Begin PBXNativeTarget section */
		FA3E71862ADF1D0F00BA37C7 /* createTask */ = {
			isa = PBXNativeTarget;
			buildConfigurationList = FA3E71AB2ADF1D1100BA37C7 /* Build configuration list for PBXNativeTarget "createTask" */;
			buildPhases = (
				FA3E71832ADF1D0F00BA37C7 /* Sources */,
				FA3E71842ADF1D0F00BA37C7 /* Frameworks */,
				FA3E71852ADF1D0F00BA37C7 /* Resources */,
			);
			buildRules = (
			);
			dependencies = (
			);
			name = createTask;
			productName = createTask;
			productReference = FA3E71872ADF1D0F00BA37C7 /* createTask.app */;
			productType = "com.apple.product-type.application";
		};
		FA3E71962ADF1D1100BA37C7 /* createTaskTests */ = {
			isa = PBXNativeTarget;
			buildConfigurationList = FA3E71AE2ADF1D1100BA37C7 /* Build configuration list for PBXNativeTarget "createTaskTests" */;
			buildPhases = (
				FA3E71932ADF1D1100BA37C7 /* Sources */,
				FA3E71942ADF1D1100BA37C7 /* Frameworks */,
				FA3E71952ADF1D1100BA37C7 /* Resources */,
			);
			buildRules = (
			);
			dependencies = (
				FA3E71992ADF1D1100BA37C7 /* PBXTargetDependency */,
			);
			name = createTaskTests;
			productName = createTaskTests;
			productReference = FA3E71972ADF1D1100BA37C7 /* createTaskTests.xctest */;
			productType = "com.apple.product-type.bundle.unit-test";
		};
		FA3E71A02ADF1D1100BA37C7 /* createTaskUITests */ = {
			isa = PBXNativeTarget;
			buildConfigurationList = FA3E71B12ADF1D1100BA37C7 /* Build configuration list for PBXNativeTarget "createTaskUITests" */;
			buildPhases = (
				FA3E719D2ADF1D1100BA37C7 /* Sources */,
				FA3E719E2ADF1D1100BA37C7 /* Frameworks */,
				FA3E719F2ADF1D1100BA37C7 /* Resources */,
			);
			buildRules = (
			);
			dependencies = (
				FA3E71A32ADF1D1100BA37C7 /* PBXTargetDependency */,
			);
			name = createTaskUITests;
			productName = createTaskUITests;
			productReference = FA3E71A12ADF1D1100BA37C7 /* createTaskUITests.xctest */;
			productType = "com.apple.product-type.bundle.ui-testing";
		};
/* End PBXNativeTarget section */

/* Begin PBXProject section */
		FA3E717F2ADF1D0F00BA37C7 /* Project object */ = {
			isa = PBXProject;
			attributes = {
				BuildIndependentTargetsInParallel = 1;
				LastSwiftUpdateCheck = 1500;
				LastUpgradeCheck = 1500;
				TargetAttributes = {
					FA3E71862ADF1D0F00BA37C7 = {
						CreatedOnToolsVersion = 15.0;
					};
					FA3E71962ADF1D1100BA37C7 = {
						CreatedOnToolsVersion = 15.0;
						TestTargetID = FA3E71862ADF1D0F00BA37C7;
					};
					FA3E71A02ADF1D1100BA37C7 = {
						CreatedOnToolsVersion = 15.0;
						TestTargetID = FA3E71862ADF1D0F00BA37C7;
					};
				};
			};
			buildConfigurationList = FA3E71822ADF1D0F00BA37C7 /* Build configuration list for PBXProject "createTask" */;
			compatibilityVersion = "Xcode 14.0";
			developmentRegion = en;
			hasScannedForEncodings = 0;
			knownRegions = (
				en,
				Base,
			);
			mainGroup = FA3E717E2ADF1D0F00BA37C7;
			productRefGroup = FA3E71882ADF1D0F00BA37C7 /* Products */;
			projectDirPath = "";
			projectRoot = "";
			targets = (
				FA3E71862ADF1D0F00BA37C7 /* createTask */,
				FA3E71962ADF1D1100BA37C7 /* createTaskTests */,
				FA3E71A02ADF1D1100BA37C7 /* createTaskUITests */,
			);
		};
/* End PBXProject section */

/* Begin PBXResourcesBuildPhase section */
		FA3E71852ADF1D0F00BA37C7 /* Resources */ = {
			isa = PBXResourcesBuildPhase;
			buildActionMask = 2147483647;
			files = (
				FA3E71922ADF1D1100BA37C7 /* Preview Assets.xcassets in Resources */,
				FA3E718F2ADF1D1100BA37C7 /* Assets.xcassets in Resources */,
			);
			runOnlyForDeploymentPostprocessing = 0;
		};
		FA3E71952ADF1D1100BA37C7 /* Resources */ = {
			isa = PBXResourcesBuildPhase;
			buildActionMask = 2147483647;
			files = (
			);
			runOnlyForDeploymentPostprocessing = 0;
		};
		FA3E719F2ADF1D1100BA37C7 /* Resources */ = {
			isa = PBXResourcesBuildPhase;
			buildActionMask = 2147483647;
			files = (
			);
			runOnlyForDeploymentPostprocessing = 0;
		};
/* End PBXResourcesBuildPhase section */

/* Begin PBXSourcesBuildPhase section */
		FA3E71832ADF1D0F00BA37C7 /* Sources */ = {
			isa = PBXSourcesBuildPhase;
			buildActionMask = 2147483647;
			files = (
				FA8A69CD2B0BFCE700A4D6A6 /* PlayerData.swift in Sources */,
				FA3E718D2ADF1D0F00BA37C7 /* TaskView.swift in Sources */,
				FA3E718B2ADF1D0F00BA37C7 /* CreateTaskApp.swift in Sources */,
			);
			runOnlyForDeploymentPostprocessing = 0;
		};
		FA3E71932ADF1D1100BA37C7 /* Sources */ = {
			isa = PBXSourcesBuildPhase;
			buildActionMask = 2147483647;
			files = (
				FA3E719C2ADF1D1100BA37C7 /* createTaskTests.swift in Sources */,
			);
			runOnlyForDeploymentPostprocessing = 0;
		};
		FA3E719D2ADF1D1100BA37C7 /* Sources */ = {
			isa = PBXSourcesBuildPhase;
			buildActionMask = 2147483647;
			files = (
				FA3E71A62ADF1D1100BA37C7 /* createTaskUITests.swift in Sources */,
				FA3E71A82ADF1D1100BA37C7 /* createTaskUITestsLaunchTests.swift in Sources */,
			);
			runOnlyForDeploymentPostprocessing = 0;
		};
/* End PBXSourcesBuildPhase section */

/* Begin PBXTargetDependency section */
		FA3E71992ADF1D1100BA37C7 /* PBXTargetDependency */ = {
			isa = PBXTargetDependency;
			target = FA3E71862ADF1D0F00BA37C7 /* createTask */;
			targetProxy = FA3E71982ADF1D1100BA37C7 /* PBXContainerItemProxy */;
		};
		FA3E71A32ADF1D1100BA37C7 /* PBXTargetDependency */ = {
			isa = PBXTargetDependency;
			target = FA3E71862ADF1D0F00BA37C7 /* createTask */;
			targetProxy = FA3E71A22ADF1D1100BA37C7 /* PBXContainerItemProxy */;
		};
/* End PBXTargetDependency section */

/* Begin XCBuildConfiguration section */
		FA3E71A92ADF1D1100BA37C7 /* Debug */ = {
			isa = XCBuildConfiguration;
			buildSettings = {
				ALWAYS_SEARCH_USER_PATHS = NO;
				ASSETCATALOG_COMPILER_GENERATE_SWIFT_ASSET_SYMBOL_EXTENSIONS = YES;
				CLANG_ANALYZER_NONNULL = YES;
				CLANG_ANALYZER_NUMBER_OBJECT_CONVERSION = YES_AGGRESSIVE;
				CLANG_CXX_LANGUAGE_STANDARD = "gnu++20";
				CLANG_ENABLE_MODULES = YES;
				CLANG_ENABLE_OBJC_ARC = YES;
				CLANG_ENABLE_OBJC_WEAK = YES;
				CLANG_WARN_BLOCK_CAPTURE_AUTORELEASING = YES;
				CLANG_WARN_BOOL_CONVERSION = YES;
				CLANG_WARN_COMMA = YES;
				CLANG_WARN_CONSTANT_CONVERSION = YES;
				CLANG_WARN_DEPRECATED_OBJC_IMPLEMENTATIONS = YES;
				CLANG_WARN_DIRECT_OBJC_ISA_USAGE = YES_ERROR;
				CLANG_WARN_DOCUMENTATION_COMMENTS = YES;
				CLANG_WARN_EMPTY_BODY = YES;
				CLANG_WARN_ENUM_CONVERSION = YES;
				CLANG_WARN_INFINITE_RECURSION = YES;
				CLANG_WARN_INT_CONVERSION = YES;
				CLANG_WARN_NON_LITERAL_NULL_CONVERSION = YES;
				CLANG_WARN_OBJC_IMPLICIT_RETAIN_SELF = YES;
				CLANG_WARN_OBJC_LITERAL_CONVERSION = YES;
				CLANG_WARN_OBJC_ROOT_CLASS = YES_ERROR;
				CLANG_WARN_QUOTED_INCLUDE_IN_FRAMEWORK_HEADER = YES;
				CLANG_WARN_RANGE_LOOP_ANALYSIS = YES;
				CLANG_WARN_STRICT_PROTOTYPES = YES;
				CLANG_WARN_SUSPICIOUS_MOVE = YES;
				CLANG_WARN_UNGUARDED_AVAILABILITY = YES_AGGRESSIVE;
				CLANG_WARN_UNREACHABLE_CODE = YES;
				CLANG_WARN__DUPLICATE_METHOD_MATCH = YES;
				COPY_PHASE_STRIP = NO;
				DEBUG_INFORMATION_FORMAT = dwarf;
				ENABLE_STRICT_OBJC_MSGSEND = YES;
				ENABLE_TESTABILITY = YES;
				ENABLE_USER_SCRIPT_SANDBOXING = YES;
				GCC_C_LANGUAGE_STANDARD = gnu17;
				GCC_DYNAMIC_NO_PIC = NO;
				GCC_NO_COMMON_BLOCKS = YES;
				GCC_OPTIMIZATION_LEVEL = 0;
				GCC_PREPROCESSOR_DEFINITIONS = (
					"DEBUG=1",
					"$(inherited)",
				);
				GCC_WARN_64_TO_32_BIT_CONVERSION = YES;
				GCC_WARN_ABOUT_RETURN_TYPE = YES_ERROR;
				GCC_WARN_UNDECLARED_SELECTOR = YES;
				GCC_WARN_UNINITIALIZED_AUTOS = YES_AGGRESSIVE;
				GCC_WARN_UNUSED_FUNCTION = YES;
				GCC_WARN_UNUSED_VARIABLE = YES;
				IPHONEOS_DEPLOYMENT_TARGET = 17.0;
				LOCALIZATION_PREFERS_STRING_CATALOGS = YES;
				MTL_ENABLE_DEBUG_INFO = INCLUDE_SOURCE;
				MTL_FAST_MATH = YES;
				ONLY_ACTIVE_ARCH = YES;
				SDKROOT = iphoneos;
				SWIFT_ACTIVE_COMPILATION_CONDITIONS = "DEBUG $(inherited)";
				SWIFT_OPTIMIZATION_LEVEL = "-Onone";
			};
			name = Debug;
		};
		FA3E71AA2ADF1D1100BA37C7 /* Release */ = {
			isa = XCBuildConfiguration;
			buildSettings = {
				ALWAYS_SEARCH_USER_PATHS = NO;
				ASSETCATALOG_COMPILER_GENERATE_SWIFT_ASSET_SYMBOL_EXTENSIONS = YES;
				CLANG_ANALYZER_NONNULL = YES;
				CLANG_ANALYZER_NUMBER_OBJECT_CONVERSION = YES_AGGRESSIVE;
				CLANG_CXX_LANGUAGE_STANDARD = "gnu++20";
				CLANG_ENABLE_MODULES = YES;
				CLANG_ENABLE_OBJC_ARC = YES;
				CLANG_ENABLE_OBJC_WEAK = YES;
				CLANG_WARN_BLOCK_CAPTURE_AUTORELEASING = YES;
				CLANG_WARN_BOOL_CONVERSION = YES;
				CLANG_WARN_COMMA = YES;
				CLANG_WARN_CONSTANT_CONVERSION = YES;
				CLANG_WARN_DEPRECATED_OBJC_IMPLEMENTATIONS = YES;
				CLANG_WARN_DIRECT_OBJC_ISA_USAGE = YES_ERROR;
				CLANG_WARN_DOCUMENTATION_COMMENTS = YES;
				CLANG_WARN_EMPTY_BODY = YES;
				CLANG_WARN_ENUM_CONVERSION = YES;
				CLANG_WARN_INFINITE_RECURSION = YES;
				CLANG_WARN_INT_CONVERSION = YES;
				CLANG_WARN_NON_LITERAL_NULL_CONVERSION = YES;
				CLANG_WARN_OBJC_IMPLICIT_RETAIN_SELF = YES;
				CLANG_WARN_OBJC_LITERAL_CONVERSION = YES;
				CLANG_WARN_OBJC_ROOT_CLASS = YES_ERROR;
				CLANG_WARN_QUOTED_INCLUDE_IN_FRAMEWORK_HEADER = YES;
				CLANG_WARN_RANGE_LOOP_ANALYSIS = YES;
				CLANG_WARN_STRICT_PROTOTYPES = YES;
				CLANG_WARN_SUSPICIOUS_MOVE = YES;
				CLANG_WARN_UNGUARDED_AVAILABILITY = YES_AGGRESSIVE;
				CLANG_WARN_UNREACHABLE_CODE = YES;
				CLANG_WARN__DUPLICATE_METHOD_MATCH = YES;
				COPY_PHASE_STRIP = NO;
				DEBUG_INFORMATION_FORMAT = "dwarf-with-dsym";
				ENABLE_NS_ASSERTIONS = NO;
				ENABLE_STRICT_OBJC_MSGSEND = YES;
				ENABLE_USER_SCRIPT_SANDBOXING = YES;
				GCC_C_LANGUAGE_STANDARD = gnu17;
				GCC_NO_COMMON_BLOCKS = YES;
				GCC_WARN_64_TO_32_BIT_CONVERSION = YES;
				GCC_WARN_ABOUT_RETURN_TYPE = YES_ERROR;
				GCC_WARN_UNDECLARED_SELECTOR = YES;
				GCC_WARN_UNINITIALIZED_AUTOS = YES_AGGRESSIVE;
				GCC_WARN_UNUSED_FUNCTION = YES;
				GCC_WARN_UNUSED_VARIABLE = YES;
				IPHONEOS_DEPLOYMENT_TARGET = 17.0;
				LOCALIZATION_PREFERS_STRING_CATALOGS = YES;
				MTL_ENABLE_DEBUG_INFO = NO;
				MTL_FAST_MATH = YES;
				SDKROOT = iphoneos;
				SWIFT_COMPILATION_MODE = wholemodule;
				VALIDATE_PRODUCT = YES;
			};
			name = Release;
		};
		FA3E71AC2ADF1D1100BA37C7 /* Debug */ = {
			isa = XCBuildConfiguration;
			buildSettings = {
				ASSETCATALOG_COMPILER_APPICON_NAME = AppIcon;
				ASSETCATALOG_COMPILER_GLOBAL_ACCENT_COLOR_NAME = AccentColor;
				CODE_SIGN_STYLE = Automatic;
				CURRENT_PROJECT_VERSION = 1;
				DEVELOPMENT_ASSET_PATHS = "\"createTask/Preview Content\"";
				ENABLE_PREVIEWS = YES;
				GENERATE_INFOPLIST_FILE = YES;
				INFOPLIST_KEY_UIApplicationSceneManifest_Generation = YES;
				INFOPLIST_KEY_UIApplicationSupportsIndirectInputEvents = YES;
				INFOPLIST_KEY_UILaunchScreen_Generation = YES;
				INFOPLIST_KEY_UISupportedInterfaceOrientations_iPad = "UIInterfaceOrientationPortrait UIInterfaceOrientationPortraitUpsideDown UIInterfaceOrientationLandscapeLeft UIInterfaceOrientationLandscapeRight";
				INFOPLIST_KEY_UISupportedInterfaceOrientations_iPhone = "UIInterfaceOrientationPortrait UIInterfaceOrientationLandscapeLeft UIInterfaceOrientationLandscapeRight";
				LD_RUNPATH_SEARCH_PATHS = (
					"$(inherited)",
					"@executable_path/Frameworks",
				);
				MARKETING_VERSION = 1.0;
				PRODUCT_BUNDLE_IDENTIFIER = aubrey.CTEC.createTask;
				PRODUCT_NAME = "$(TARGET_NAME)";
				SWIFT_EMIT_LOC_STRINGS = YES;
				SWIFT_VERSION = 5.0;
				TARGETED_DEVICE_FAMILY = "1,2";
			};
			name = Debug;
		};
		FA3E71AD2ADF1D1100BA37C7 /* Release */ = {
			isa = XCBuildConfiguration;
			buildSettings = {
				ASSETCATALOG_COMPILER_APPICON_NAME = AppIcon;
				ASSETCATALOG_COMPILER_GLOBAL_ACCENT_COLOR_NAME = AccentColor;
				CODE_SIGN_STYLE = Automatic;
				CURRENT_PROJECT_VERSION = 1;
				DEVELOPMENT_ASSET_PATHS = "\"createTask/Preview Content\"";
				ENABLE_PREVIEWS = YES;
				GENERATE_INFOPLIST_FILE = YES;
				INFOPLIST_KEY_UIApplicationSceneManifest_Generation = YES;
				INFOPLIST_KEY_UIApplicationSupportsIndirectInputEvents = YES;
				INFOPLIST_KEY_UILaunchScreen_Generation = YES;
				INFOPLIST_KEY_UISupportedInterfaceOrientations_iPad = "UIInterfaceOrientationPortrait UIInterfaceOrientationPortraitUpsideDown UIInterfaceOrientationLandscapeLeft UIInterfaceOrientationLandscapeRight";
				INFOPLIST_KEY_UISupportedInterfaceOrientations_iPhone = "UIInterfaceOrientationPortrait UIInterfaceOrientationLandscapeLeft UIInterfaceOrientationLandscapeRight";
				LD_RUNPATH_SEARCH_PATHS = (
					"$(inherited)",
					"@executable_path/Frameworks",
				);
				MARKETING_VERSION = 1.0;
				PRODUCT_BUNDLE_IDENTIFIER = aubrey.CTEC.createTask;
				PRODUCT_NAME = "$(TARGET_NAME)";
				SWIFT_EMIT_LOC_STRINGS = YES;
				SWIFT_VERSION = 5.0;
				TARGETED_DEVICE_FAMILY = "1,2";
			};
			name = Release;
		};
		FA3E71AF2ADF1D1100BA37C7 /* Debug */ = {
			isa = XCBuildConfiguration;
			buildSettings = {
				ALWAYS_EMBED_SWIFT_STANDARD_LIBRARIES = YES;
				BUNDLE_LOADER = "$(TEST_HOST)";
				CODE_SIGN_STYLE = Automatic;
				CURRENT_PROJECT_VERSION = 1;
				GENERATE_INFOPLIST_FILE = YES;
				IPHONEOS_DEPLOYMENT_TARGET = 17.0;
				MARKETING_VERSION = 1.0;
				PRODUCT_BUNDLE_IDENTIFIER = aubrey.CTEC.createTaskTests;
				PRODUCT_NAME = "$(TARGET_NAME)";
				SWIFT_EMIT_LOC_STRINGS = NO;
				SWIFT_VERSION = 5.0;
				TARGETED_DEVICE_FAMILY = "1,2";
				TEST_HOST = "$(BUILT_PRODUCTS_DIR)/createTask.app/$(BUNDLE_EXECUTABLE_FOLDER_PATH)/createTask";
			};
			name = Debug;
		};
		FA3E71B02ADF1D1100BA37C7 /* Release */ = {
			isa = XCBuildConfiguration;
			buildSettings = {
				ALWAYS_EMBED_SWIFT_STANDARD_LIBRARIES = YES;
				BUNDLE_LOADER = "$(TEST_HOST)";
				CODE_SIGN_STYLE = Automatic;
				CURRENT_PROJECT_VERSION = 1;
				GENERATE_INFOPLIST_FILE = YES;
				IPHONEOS_DEPLOYMENT_TARGET = 17.0;
				MARKETING_VERSION = 1.0;
				PRODUCT_BUNDLE_IDENTIFIER = aubrey.CTEC.createTaskTests;
				PRODUCT_NAME = "$(TARGET_NAME)";
				SWIFT_EMIT_LOC_STRINGS = NO;
				SWIFT_VERSION = 5.0;
				TARGETED_DEVICE_FAMILY = "1,2";
				TEST_HOST = "$(BUILT_PRODUCTS_DIR)/createTask.app/$(BUNDLE_EXECUTABLE_FOLDER_PATH)/createTask";
			};
			name = Release;
		};
		FA3E71B22ADF1D1100BA37C7 /* Debug */ = {
			isa = XCBuildConfiguration;
			buildSettings = {
				ALWAYS_EMBED_SWIFT_STANDARD_LIBRARIES = YES;
				CODE_SIGN_STYLE = Automatic;
				CURRENT_PROJECT_VERSION = 1;
				GENERATE_INFOPLIST_FILE = YES;
				MARKETING_VERSION = 1.0;
				PRODUCT_BUNDLE_IDENTIFIER = aubrey.CTEC.createTaskUITests;
				PRODUCT_NAME = "$(TARGET_NAME)";
				SWIFT_EMIT_LOC_STRINGS = NO;
				SWIFT_VERSION = 5.0;
				TARGETED_DEVICE_FAMILY = "1,2";
				TEST_TARGET_NAME = createTask;
			};
			name = Debug;
		};
		FA3E71B32ADF1D1100BA37C7 /* Release */ = {
			isa = XCBuildConfiguration;
			buildSettings = {
				ALWAYS_EMBED_SWIFT_STANDARD_LIBRARIES = YES;
				CODE_SIGN_STYLE = Automatic;
				CURRENT_PROJECT_VERSION = 1;
				GENERATE_INFOPLIST_FILE = YES;
				MARKETING_VERSION = 1.0;
				PRODUCT_BUNDLE_IDENTIFIER = aubrey.CTEC.createTaskUITests;
				PRODUCT_NAME = "$(TARGET_NAME)";
				SWIFT_EMIT_LOC_STRINGS = NO;
				SWIFT_VERSION = 5.0;
				TARGETED_DEVICE_FAMILY = "1,2";
				TEST_TARGET_NAME = createTask;
			};
			name = Release;
		};
/* End XCBuildConfiguration section */

/* Begin XCConfigurationList section */
		FA3E71822ADF1D0F00BA37C7 /* Build configuration list for PBXProject "createTask" */ = {
			isa = XCConfigurationList;
			buildConfigurations = (
				FA3E71A92ADF1D1100BA37C7 /* Debug */,
				FA3E71AA2ADF1D1100BA37C7 /* Release */,
			);
			defaultConfigurationIsVisible = 0;
			defaultConfigurationName = Release;
		};
		FA3E71AB2ADF1D1100BA37C7 /* Build configuration list for PBXNativeTarget "createTask" */ = {
			isa = XCConfigurationList;
			buildConfigurations = (
				FA3E71AC2ADF1D1100BA37C7 /* Debug */,
				FA3E71AD2ADF1D1100BA37C7 /* Release */,
			);
			defaultConfigurationIsVisible = 0;
			defaultConfigurationName = Release;
		};
		FA3E71AE2ADF1D1100BA37C7 /* Build configuration list for PBXNativeTarget "createTaskTests" */ = {
			isa = XCConfigurationList;
			buildConfigurations = (
				FA3E71AF2ADF1D1100BA37C7 /* Debug */,
				FA3E71B02ADF1D1100BA37C7 /* Release */,
			);
			defaultConfigurationIsVisible = 0;
			defaultConfigurationName = Release;
		};
		FA3E71B12ADF1D1100BA37C7 /* Build configuration list for PBXNativeTarget "createTaskUITests" */ = {
			isa = XCConfigurationList;
			buildConfigurations = (
				FA3E71B22ADF1D1100BA37C7 /* Debug */,
				FA3E71B32ADF1D1100BA37C7 /* Release */,
			);
			defaultConfigurationIsVisible = 0;
			defaultConfigurationName = Release;
		};
/* End XCConfigurationList section */
	};
	rootObject = FA3E717F2ADF1D0F00BA37C7 /* Project object */;
}
